
Microsoft Visual Studio Solution File, Format Version 12.00
# Visual Studio 15
VisualStudioVersion = 15.0.28307.136
MinimumVisualStudioVersion = 10.0.40219.1
Project("{FAE04EC0-301F-11D3-BF4B-00C04F79EFBC}") = "Sitecore.Foundation.Fields", "code\Sitecore.Foundation.Fields.csproj", "{EC83676A-1590-4C89-AA97-DEB52CD25AF8}"
EndProject
Global
	GlobalSection(SolutionConfigurationPlatforms) = preSolution
		Debug|Any CPU = Debug|Any CPU
		Release|Any CPU = Release|Any CPU
	EndGlobalSection
	GlobalSection(ProjectConfigurationPlatforms) = postSolution
		{EC83676A-1590-4C89-AA97-DEB52CD25AF8}.Debug|Any CPU.ActiveCfg = Debug|Any CPU
		{EC83676A-1590-4C89-AA97-DEB52CD25AF8}.Debug|Any CPU.Build.0 = Debug|Any CPU
		{EC83676A-1590-4C89-AA97-DEB52CD25AF8}.Release|Any CPU.ActiveCfg = Release|Any CPU
		{EC83676A-1590-4C89-AA97-DEB52CD25AF8}.Release|Any CPU.Build.0 = Release|Any CPU
	EndGlobalSection
	GlobalSection(SolutionProperties) = preSolution
		HideSolutionNode = FALSE
	EndGlobalSection
	GlobalSection(ExtensibilityGlobals) = postSolution
		SolutionGuid = {BE9B5E5F-714F-47F0-AFA6-DE15710837C9}
	EndGlobalSection
EndGlobal
